
Microsoft Visual Studio Solution File, Format Version 12.00
# Visual Studio Version 16
VisualStudioVersion = 16.0.29905.134
MinimumVisualStudioVersion = 10.0.40219.1
Project("{FAE04EC0-301F-11D3-BF4B-00C04F79EFBC}") = "PalindromeLibrary", "Palindrome\PalindromeLibrary.csproj", "{1283ECF7-B488-4A7C-9CCD-D0D277373F37}"
EndProject
Project("{FAE04EC0-301F-11D3-BF4B-00C04F79EFBC}") = "XUnitTestPalindrome", "XUnitTestPalindrome\XUnitTestPalindrome.csproj", "{AB802575-950B-4117-9DE4-5BA2D9F6729D}"
EndProject
Global
	GlobalSection(SolutionConfigurationPlatforms) = preSolution
		Debug|Any CPU = Debug|Any CPU
		Release|Any CPU = Release|Any CPU
	EndGlobalSection
	GlobalSection(ProjectConfigurationPlatforms) = postSolution
		{1283ECF7-B488-4A7C-9CCD-D0D277373F37}.Debug|Any CPU.ActiveCfg = Debug|Any CPU
		{1283ECF7-B488-4A7C-9CCD-D0D277373F37}.Debug|Any CPU.Build.0 = Debug|Any CPU
		{1283ECF7-B488-4A7C-9CCD-D0D277373F37}.Release|Any CPU.ActiveCfg = Release|Any CPU
		{1283ECF7-B488-4A7C-9CCD-D0D277373F37}.Release|Any CPU.Build.0 = Release|Any CPU
		{AB802575-950B-4117-9DE4-5BA2D9F6729D}.Debug|Any CPU.ActiveCfg = Debug|Any CPU
		{AB802575-950B-4117-9DE4-5BA2D9F6729D}.Debug|Any CPU.Build.0 = Debug|Any CPU
		{AB802575-950B-4117-9DE4-5BA2D9F6729D}.Release|Any CPU.ActiveCfg = Release|Any CPU
		{AB802575-950B-4117-9DE4-5BA2D9F6729D}.Release|Any CPU.Build.0 = Release|Any CPU
	EndGlobalSection
	GlobalSection(SolutionProperties) = preSolution
		HideSolutionNode = FALSE
	EndGlobalSection
	GlobalSection(ExtensibilityGlobals) = postSolution
		SolutionGuid = {13B113E7-8BB7-426F-A9E4-33B5D8DCBD09}
	EndGlobalSection
EndGlobal
